// !$*UTF8*$!
{
	archiveVersion = 1;
	classes = {
	};
	objectVersion = 50;
	objects = {

/* Begin PBXBuildFile section */
		67457B39EDF4B668A9F57A90 /* Pods_Friends.framework in Frameworks */ = {isa = PBXBuildFile; fileRef = 12A7A3631812EB687C974982 /* Pods_Friends.framework */; };
		811A03A12139909C00A2A889 /* AppDelegate.swift in Sources */ = {isa = PBXBuildFile; fileRef = 811A03A02139909C00A2A889 /* AppDelegate.swift */; };
		811A03A32139909C00A2A889 /* ViewController.swift in Sources */ = {isa = PBXBuildFile; fileRef = 811A03A22139909C00A2A889 /* ViewController.swift */; };
		811A03A62139909C00A2A889 /* Main.storyboard in Resources */ = {isa = PBXBuildFile; fileRef = 811A03A42139909C00A2A889 /* Main.storyboard */; };
		811A03A82139909D00A2A889 /* Assets.xcassets in Resources */ = {isa = PBXBuildFile; fileRef = 811A03A72139909D00A2A889 /* Assets.xcassets */; };
		811A03AB2139909D00A2A889 /* LaunchScreen.storyboard in Resources */ = {isa = PBXBuildFile; fileRef = 811A03A92139909D00A2A889 /* LaunchScreen.storyboard */; };
		813EB1B7213F2E4800307271 /* WelcomeViewController.swift in Sources */ = {isa = PBXBuildFile; fileRef = 813EB1B6213F2E4800307271 /* WelcomeViewController.swift */; };
		813EB1B9213F3A1500307271 /* User.swift in Sources */ = {isa = PBXBuildFile; fileRef = 813EB1B8213F3A1500307271 /* User.swift */; };
		817852DD213FC50500C7C15D /* UIImageView+Extensions.swift in Sources */ = {isa = PBXBuildFile; fileRef = 817852DC213FC50500C7C15D /* UIImageView+Extensions.swift */; };
		81F5B41B2139D48E00E157D6 /* GraphRequest.swift in Sources */ = {isa = PBXBuildFile; fileRef = 81F5B41A2139D48E00E157D6 /* GraphRequest.swift */; };
/* End PBXBuildFile section */

/* Begin PBXFileReference section */
		12A7A3631812EB687C974982 /* Pods_Friends.framework */ = {isa = PBXFileReference; explicitFileType = wrapper.framework; includeInIndex = 0; path = Pods_Friends.framework; sourceTree = BUILT_PRODUCTS_DIR; };
		811A039D2139909C00A2A889 /* Friends.app */ = {isa = PBXFileReference; explicitFileType = wrapper.application; includeInIndex = 0; path = Friends.app; sourceTree = BUILT_PRODUCTS_DIR; };
		811A03A02139909C00A2A889 /* AppDelegate.swift */ = {isa = PBXFileReference; lastKnownFileType = sourcecode.swift; path = AppDelegate.swift; sourceTree = "<group>"; };
		811A03A22139909C00A2A889 /* ViewController.swift */ = {isa = PBXFileReference; lastKnownFileType = sourcecode.swift; path = ViewController.swift; sourceTree = "<group>"; };
		811A03A52139909C00A2A889 /* Base */ = {isa = PBXFileReference; lastKnownFileType = file.storyboard; name = Base; path = Base.lproj/Main.storyboard; sourceTree = "<group>"; };
		811A03A72139909D00A2A889 /* Assets.xcassets */ = {isa = PBXFileReference; lastKnownFileType = folder.assetcatalog; path = Assets.xcassets; sourceTree = "<group>"; };
		811A03AA2139909D00A2A889 /* Base */ = {isa = PBXFileReference; lastKnownFileType = file.storyboard; name = Base; path = Base.lproj/LaunchScreen.storyboard; sourceTree = "<group>"; };
		811A03AC2139909D00A2A889 /* Info.plist */ = {isa = PBXFileReference; lastKnownFileType = text.plist.xml; path = Info.plist; sourceTree = "<group>"; };
		811A03B221399E3D00A2A889 /* Friends.entitlements */ = {isa = PBXFileReference; lastKnownFileType = text.plist.entitlements; path = Friends.entitlements; sourceTree = "<group>"; };
		813EB1B6213F2E4800307271 /* WelcomeViewController.swift */ = {isa = PBXFileReference; lastKnownFileType = sourcecode.swift; path = WelcomeViewController.swift; sourceTree = "<group>"; };
		813EB1B8213F3A1500307271 /* User.swift */ = {isa = PBXFileReference; lastKnownFileType = sourcecode.swift; path = User.swift; sourceTree = "<group>"; };
		817852DC213FC50500C7C15D /* UIImageView+Extensions.swift */ = {isa = PBXFileReference; lastKnownFileType = sourcecode.swift; path = "UIImageView+Extensions.swift"; sourceTree = "<group>"; };
		81F5B41A2139D48E00E157D6 /* GraphRequest.swift */ = {isa = PBXFileReference; lastKnownFileType = sourcecode.swift; path = GraphRequest.swift; sourceTree = "<group>"; };
		96AA5E45F41882018CFBE6C6 /* Pods-Friends.debug.xcconfig */ = {isa = PBXFileReference; includeInIndex = 1; lastKnownFileType = text.xcconfig; name = "Pods-Friends.debug.xcconfig"; path = "Target Support Files/Pods-Friends/Pods-Friends.debug.xcconfig"; sourceTree = "<group>"; };
		F032028D641C8859A4A26ED6 /* Pods-Friends.release.xcconfig */ = {isa = PBXFileReference; includeInIndex = 1; lastKnownFileType = text.xcconfig; name = "Pods-Friends.release.xcconfig"; path = "Target Support Files/Pods-Friends/Pods-Friends.release.xcconfig"; sourceTree = "<group>"; };
/* End PBXFileReference section */

/* Begin PBXFrameworksBuildPhase section */
		811A039A2139909C00A2A889 /* Frameworks */ = {
			isa = PBXFrameworksBuildPhase;
			buildActionMask = 2147483647;
			files = (
				67457B39EDF4B668A9F57A90 /* Pods_Friends.framework in Frameworks */,
			);
			runOnlyForDeploymentPostprocessing = 0;
		};
/* End PBXFrameworksBuildPhase section */

/* Begin PBXGroup section */
		04E9AD2F63DA0D970CDB3144 /* Frameworks */ = {
			isa = PBXGroup;
			children = (
				12A7A3631812EB687C974982 /* Pods_Friends.framework */,
			);
			name = Frameworks;
			sourceTree = "<group>";
		};
		811A03942139909C00A2A889 = {
			isa = PBXGroup;
			children = (
				811A039F2139909C00A2A889 /* Friends */,
				811A039E2139909C00A2A889 /* Products */,
				BDDE2730F03291942A8B8591 /* Pods */,
				04E9AD2F63DA0D970CDB3144 /* Frameworks */,
			);
			sourceTree = "<group>";
		};
		811A039E2139909C00A2A889 /* Products */ = {
			isa = PBXGroup;
			children = (
				811A039D2139909C00A2A889 /* Friends.app */,
			);
			name = Products;
			sourceTree = "<group>";
		};
		811A039F2139909C00A2A889 /* Friends */ = {
			isa = PBXGroup;
			children = (
				811A03A72139909D00A2A889 /* Assets.xcassets */,
				811A03B221399E3D00A2A889 /* Friends.entitlements */,
				811A03AC2139909D00A2A889 /* Info.plist */,
				81F5B4172139D42200E157D6 /* Models */,
				81F5B4182139D43100E157D6 /* Views */,
				81F5B41C2139D4A200E157D6 /* Controllers */,
			);
			path = Friends;
			sourceTree = "<group>";
		};
		817852DB213FC4E600C7C15D /* Extensions */ = {
			isa = PBXGroup;
			children = (
				817852DC213FC50500C7C15D /* UIImageView+Extensions.swift */,
			);
			path = Extensions;
			sourceTree = "<group>";
		};
		81F5B4172139D42200E157D6 /* Models */ = {
			isa = PBXGroup;
			children = (
				813EB1B8213F3A1500307271 /* User.swift */,
				81F5B4192139D47500E157D6 /* FacebookSDK */,
				817852DB213FC4E600C7C15D /* Extensions */,
			);
			path = Models;
			sourceTree = "<group>";
		};
		81F5B4182139D43100E157D6 /* Views */ = {
			isa = PBXGroup;
			children = (
				811A03A42139909C00A2A889 /* Main.storyboard */,
				811A03A92139909D00A2A889 /* LaunchScreen.storyboard */,
			);
			path = Views;
			sourceTree = "<group>";
		};
		81F5B4192139D47500E157D6 /* FacebookSDK */ = {
			isa = PBXGroup;
			children = (
				81F5B41A2139D48E00E157D6 /* GraphRequest.swift */,
			);
			path = FacebookSDK;
			sourceTree = "<group>";
		};
		81F5B41C2139D4A200E157D6 /* Controllers */ = {
			isa = PBXGroup;
			children = (
				811A03A02139909C00A2A889 /* AppDelegate.swift */,
				811A03A22139909C00A2A889 /* ViewController.swift */,
				813EB1B6213F2E4800307271 /* WelcomeViewController.swift */,
			);
			path = Controllers;
			sourceTree = "<group>";
		};
		BDDE2730F03291942A8B8591 /* Pods */ = {
			isa = PBXGroup;
			children = (
				96AA5E45F41882018CFBE6C6 /* Pods-Friends.debug.xcconfig */,
				F032028D641C8859A4A26ED6 /* Pods-Friends.release.xcconfig */,
			);
			path = Pods;
			sourceTree = "<group>";
		};
/* End PBXGroup section */

/* Begin PBXNativeTarget section */
		811A039C2139909C00A2A889 /* Friends */ = {
			isa = PBXNativeTarget;
			buildConfigurationList = 811A03AF2139909D00A2A889 /* Build configuration list for PBXNativeTarget "Friends" */;
			buildPhases = (
				404834BDB69D7F8416D5B246 /* [CP] Check Pods Manifest.lock */,
				811A03992139909C00A2A889 /* Sources */,
				811A039A2139909C00A2A889 /* Frameworks */,
				811A039B2139909C00A2A889 /* Resources */,
				D5C468E4BDCFAEA59A3A3B95 /* [CP] Embed Pods Frameworks */,
			);
			buildRules = (
			);
			dependencies = (
			);
			name = Friends;
			productName = Friends;
			productReference = 811A039D2139909C00A2A889 /* Friends.app */;
			productType = "com.apple.product-type.application";
		};
/* End PBXNativeTarget section */

/* Begin PBXProject section */
		811A03952139909C00A2A889 /* Project object */ = {
			isa = PBXProject;
			attributes = {
				LastSwiftUpdateCheck = 0940;
				LastUpgradeCheck = 0940;
				ORGANIZATIONNAME = Hyokil.KIM/Maxime.GERNATH;
				TargetAttributes = {
					811A039C2139909C00A2A889 = {
						CreatedOnToolsVersion = 9.4.1;
						SystemCapabilities = {
							com.apple.Keychain = {
								enabled = 1;
							};
						};
					};
				};
			};
			buildConfigurationList = 811A03982139909C00A2A889 /* Build configuration list for PBXProject "Friends" */;
			compatibilityVersion = "Xcode 9.3";
			developmentRegion = en;
			hasScannedForEncodings = 0;
			knownRegions = (
				en,
				Base,
			);
			mainGroup = 811A03942139909C00A2A889;
			productRefGroup = 811A039E2139909C00A2A889 /* Products */;
			projectDirPath = "";
			projectRoot = "";
			targets = (
				811A039C2139909C00A2A889 /* Friends */,
			);
		};
/* End PBXProject section */

/* Begin PBXResourcesBuildPhase section */
		811A039B2139909C00A2A889 /* Resources */ = {
			isa = PBXResourcesBuildPhase;
			buildActionMask = 2147483647;
			files = (
				811A03AB2139909D00A2A889 /* LaunchScreen.storyboard in Resources */,
				811A03A82139909D00A2A889 /* Assets.xcassets in Resources */,
				811A03A62139909C00A2A889 /* Main.storyboard in Resources */,
			);
			runOnlyForDeploymentPostprocessing = 0;
		};
/* End PBXResourcesBuildPhase section */

/* Begin PBXShellScriptBuildPhase section */
		404834BDB69D7F8416D5B246 /* [CP] Check Pods Manifest.lock */ = {
			isa = PBXShellScriptBuildPhase;
			buildActionMask = 2147483647;
			files = (
			);
			inputPaths = (
				"${PODS_PODFILE_DIR_PATH}/Podfile.lock",
				"${PODS_ROOT}/Manifest.lock",
			);
			name = "[CP] Check Pods Manifest.lock";
			outputPaths = (
				"$(DERIVED_FILE_DIR)/Pods-Friends-checkManifestLockResult.txt",
			);
			runOnlyForDeploymentPostprocessing = 0;
			shellPath = /bin/sh;
			shellScript = "diff \"${PODS_PODFILE_DIR_PATH}/Podfile.lock\" \"${PODS_ROOT}/Manifest.lock\" > /dev/null\nif [ $? != 0 ] ; then\n    # print error to STDERR\n    echo \"error: The sandbox is not in sync with the Podfile.lock. Run 'pod install' or update your CocoaPods installation.\" >&2\n    exit 1\nfi\n# This output is used by Xcode 'outputs' to avoid re-running this script phase.\necho \"SUCCESS\" > \"${SCRIPT_OUTPUT_FILE_0}\"\n";
			showEnvVarsInLog = 0;
		};
		D5C468E4BDCFAEA59A3A3B95 /* [CP] Embed Pods Frameworks */ = {
			isa = PBXShellScriptBuildPhase;
			buildActionMask = 2147483647;
			files = (
			);
			inputPaths = (
				"${PODS_ROOT}/Target Support Files/Pods-Friends/Pods-Friends-frameworks.sh",
				"${BUILT_PRODUCTS_DIR}/Bolts/Bolts.framework",
				"${BUILT_PRODUCTS_DIR}/FBSDKCoreKit/FBSDKCoreKit.framework",
				"${BUILT_PRODUCTS_DIR}/FBSDKLoginKit/FBSDKLoginKit.framework",
				"${BUILT_PRODUCTS_DIR}/FBSDKShareKit/FBSDKShareKit.framework",
			);
			name = "[CP] Embed Pods Frameworks";
			outputPaths = (
				"${TARGET_BUILD_DIR}/${FRAMEWORKS_FOLDER_PATH}/Bolts.framework",
				"${TARGET_BUILD_DIR}/${FRAMEWORKS_FOLDER_PATH}/FBSDKCoreKit.framework",
				"${TARGET_BUILD_DIR}/${FRAMEWORKS_FOLDER_PATH}/FBSDKLoginKit.framework",
				"${TARGET_BUILD_DIR}/${FRAMEWORKS_FOLDER_PATH}/FBSDKShareKit.framework",
			);
			runOnlyForDeploymentPostprocessing = 0;
			shellPath = /bin/sh;
			shellScript = "\"${PODS_ROOT}/Target Support Files/Pods-Friends/Pods-Friends-frameworks.sh\"\n";
			showEnvVarsInLog = 0;
		};
/* End PBXShellScriptBuildPhase section */

/* Begin PBXSourcesBuildPhase section */
		811A03992139909C00A2A889 /* Sources */ = {
			isa = PBXSourcesBuildPhase;
			buildActionMask = 2147483647;
			files = (
				817852DD213FC50500C7C15D /* UIImageView+Extensions.swift in Sources */,
				811A03A32139909C00A2A889 /* ViewController.swift in Sources */,
				813EB1B7213F2E4800307271 /* WelcomeViewController.swift in Sources */,
				81F5B41B2139D48E00E157D6 /* GraphRequest.swift in Sources */,
				813EB1B9213F3A1500307271 /* User.swift in Sources */,
				811A03A12139909C00A2A889 /* AppDelegate.swift in Sources */,
			);
			runOnlyForDeploymentPostprocessing = 0;
		};
/* End PBXSourcesBuildPhase section */

/* Begin PBXVariantGroup section */
		811A03A42139909C00A2A889 /* Main.storyboard */ = {
			isa = PBXVariantGroup;
			children = (
				811A03A52139909C00A2A889 /* Base */,
			);
			name = Main.storyboard;
			sourceTree = "<group>";
		};
		811A03A92139909D00A2A889 /* LaunchScreen.storyboard */ = {
			isa = PBXVariantGroup;
			children = (
				811A03AA2139909D00A2A889 /* Base */,
			);
			name = LaunchScreen.storyboard;
			sourceTree = "<group>";
		};
/* End PBXVariantGroup section */

/* Begin XCBuildConfiguration section */
		811A03AD2139909D00A2A889 /* Debug */ = {
			isa = XCBuildConfiguration;
			buildSettings = {
				ALWAYS_SEARCH_USER_PATHS = NO;
				CLANG_ANALYZER_NONNULL = YES;
				CLANG_ANALYZER_NUMBER_OBJECT_CONVERSION = YES_AGGRESSIVE;
				CLANG_CXX_LANGUAGE_STANDARD = "gnu++14";
				CLANG_CXX_LIBRARY = "libc++";
				CLANG_ENABLE_MODULES = YES;
				CLANG_ENABLE_OBJC_ARC = YES;
				CLANG_ENABLE_OBJC_WEAK = YES;
				CLANG_WARN_BLOCK_CAPTURE_AUTORELEASING = YES;
				CLANG_WARN_BOOL_CONVERSION = YES;
				CLANG_WARN_COMMA = YES;
				CLANG_WARN_CONSTANT_CONVERSION = YES;
				CLANG_WARN_DEPRECATED_OBJC_IMPLEMENTATIONS = YES;
				CLANG_WARN_DIRECT_OBJC_ISA_USAGE = YES_ERROR;
				CLANG_WARN_DOCUMENTATION_COMMENTS = YES;
				CLANG_WARN_EMPTY_BODY = YES;
				CLANG_WARN_ENUM_CONVERSION = YES;
				CLANG_WARN_INFINITE_RECURSION = YES;
				CLANG_WARN_INT_CONVERSION = YES;
				CLANG_WARN_NON_LITERAL_NULL_CONVERSION = YES;
				CLANG_WARN_OBJC_IMPLICIT_RETAIN_SELF = YES;
				CLANG_WARN_OBJC_LITERAL_CONVERSION = YES;
				CLANG_WARN_OBJC_ROOT_CLASS = YES_ERROR;
				CLANG_WARN_RANGE_LOOP_ANALYSIS = YES;
				CLANG_WARN_STRICT_PROTOTYPES = YES;
				CLANG_WARN_SUSPICIOUS_MOVE = YES;
				CLANG_WARN_UNGUARDED_AVAILABILITY = YES_AGGRESSIVE;
				CLANG_WARN_UNREACHABLE_CODE = YES;
				CLANG_WARN__DUPLICATE_METHOD_MATCH = YES;
				CODE_SIGN_IDENTITY = "iPhone Developer";
				COPY_PHASE_STRIP = NO;
				DEBUG_INFORMATION_FORMAT = dwarf;
				ENABLE_STRICT_OBJC_MSGSEND = YES;
				ENABLE_TESTABILITY = YES;
				GCC_C_LANGUAGE_STANDARD = gnu11;
				GCC_DYNAMIC_NO_PIC = NO;
				GCC_NO_COMMON_BLOCKS = YES;
				GCC_OPTIMIZATION_LEVEL = 0;
				GCC_PREPROCESSOR_DEFINITIONS = (
					"DEBUG=1",
					"$(inherited)",
				);
				GCC_WARN_64_TO_32_BIT_CONVERSION = YES;
				GCC_WARN_ABOUT_RETURN_TYPE = YES_ERROR;
				GCC_WARN_UNDECLARED_SELECTOR = YES;
				GCC_WARN_UNINITIALIZED_AUTOS = YES_AGGRESSIVE;
				GCC_WARN_UNUSED_FUNCTION = YES;
				GCC_WARN_UNUSED_VARIABLE = YES;
				IPHONEOS_DEPLOYMENT_TARGET = 11.4;
				MTL_ENABLE_DEBUG_INFO = YES;
				ONLY_ACTIVE_ARCH = YES;
				SDKROOT = iphoneos;
				SWIFT_ACTIVE_COMPILATION_CONDITIONS = DEBUG;
				SWIFT_OPTIMIZATION_LEVEL = "-Onone";
			};
			name = Debug;
		};
		811A03AE2139909D00A2A889 /* Release */ = {
			isa = XCBuildConfiguration;
			buildSettings = {
				ALWAYS_SEARCH_USER_PATHS = NO;
				CLANG_ANALYZER_NONNULL = YES;
				CLANG_ANALYZER_NUMBER_OBJECT_CONVERSION = YES_AGGRESSIVE;
				CLANG_CXX_LANGUAGE_STANDARD = "gnu++14";
				CLANG_CXX_LIBRARY = "libc++";
				CLANG_ENABLE_MODULES = YES;
				CLANG_ENABLE_OBJC_ARC = YES;
				CLANG_ENABLE_OBJC_WEAK = YES;
				CLANG_WARN_BLOCK_CAPTURE_AUTORELEASING = YES;
				CLANG_WARN_BOOL_CONVERSION = YES;
				CLANG_WARN_COMMA = YES;
				CLANG_WARN_CONSTANT_CONVERSION = YES;
				CLANG_WARN_DEPRECATED_OBJC_IMPLEMENTATIONS = YES;
				CLANG_WARN_DIRECT_OBJC_ISA_USAGE = YES_ERROR;
				CLANG_WARN_DOCUMENTATION_COMMENTS = YES;
				CLANG_WARN_EMPTY_BODY = YES;
				CLANG_WARN_ENUM_CONVERSION = YES;
				CLANG_WARN_INFINITE_RECURSION = YES;
				CLANG_WARN_INT_CONVERSION = YES;
				CLANG_WARN_NON_LITERAL_NULL_CONVERSION = YES;
				CLANG_WARN_OBJC_IMPLICIT_RETAIN_SELF = YES;
				CLANG_WARN_OBJC_LITERAL_CONVERSION = YES;
				CLANG_WARN_OBJC_ROOT_CLASS = YES_ERROR;
				CLANG_WARN_RANGE_LOOP_ANALYSIS = YES;
				CLANG_WARN_STRICT_PROTOTYPES = YES;
				CLANG_WARN_SUSPICIOUS_MOVE = YES;
				CLANG_WARN_UNGUARDED_AVAILABILITY = YES_AGGRESSIVE;
				CLANG_WARN_UNREACHABLE_CODE = YES;
				CLANG_WARN__DUPLICATE_METHOD_MATCH = YES;
				CODE_SIGN_IDENTITY = "iPhone Developer";
				COPY_PHASE_STRIP = NO;
				DEBUG_INFORMATION_FORMAT = "dwarf-with-dsym";
				ENABLE_NS_ASSERTIONS = NO;
				ENABLE_STRICT_OBJC_MSGSEND = YES;
				GCC_C_LANGUAGE_STANDARD = gnu11;
				GCC_NO_COMMON_BLOCKS = YES;
				GCC_WARN_64_TO_32_BIT_CONVERSION = YES;
				GCC_WARN_ABOUT_RETURN_TYPE = YES_ERROR;
				GCC_WARN_UNDECLARED_SELECTOR = YES;
				GCC_WARN_UNINITIALIZED_AUTOS = YES_AGGRESSIVE;
				GCC_WARN_UNUSED_FUNCTION = YES;
				GCC_WARN_UNUSED_VARIABLE = YES;
				IPHONEOS_DEPLOYMENT_TARGET = 11.4;
				MTL_ENABLE_DEBUG_INFO = NO;
				SDKROOT = iphoneos;
				SWIFT_COMPILATION_MODE = wholemodule;
				SWIFT_OPTIMIZATION_LEVEL = "-O";
				VALIDATE_PRODUCT = YES;
			};
			name = Release;
		};
		811A03B02139909D00A2A889 /* Debug */ = {
			isa = XCBuildConfiguration;
			baseConfigurationReference = 96AA5E45F41882018CFBE6C6 /* Pods-Friends.debug.xcconfig */;
			buildSettings = {
				ASSETCATALOG_COMPILER_APPICON_NAME = AppIcon;
				CODE_SIGN_ENTITLEMENTS = Friends/Friends.entitlements;
				CODE_SIGN_STYLE = Automatic;
				DEVELOPMENT_TEAM = 7P5X39M96P;
				INFOPLIST_FILE = Friends/Info.plist;
				LD_RUNPATH_SEARCH_PATHS = (
					"$(inherited)",
					"@executable_path/Frameworks",
				);
				PRODUCT_BUNDLE_IDENTIFIER = com.ToLToL.Friends;
				PRODUCT_NAME = "$(TARGET_NAME)";
				SWIFT_VERSION = 4.0;
				TARGETED_DEVICE_FAMILY = "1,2";
			};
			name = Debug;
		};
		811A03B12139909D00A2A889 /* Release */ = {
			isa = XCBuildConfiguration;
			baseConfigurationReference = F032028D641C8859A4A26ED6 /* Pods-Friends.release.xcconfig */;
			buildSettings = {
				ASSETCATALOG_COMPILER_APPICON_NAME = AppIcon;
				CODE_SIGN_ENTITLEMENTS = Friends/Friends.entitlements;
				CODE_SIGN_STYLE = Automatic;
				DEVELOPMENT_TEAM = 7P5X39M96P;
				INFOPLIST_FILE = Friends/Info.plist;
				LD_RUNPATH_SEARCH_PATHS = (
					"$(inherited)",
					"@executable_path/Frameworks",
				);
				PRODUCT_BUNDLE_IDENTIFIER = com.ToLToL.Friends;
				PRODUCT_NAME = "$(TARGET_NAME)";
				SWIFT_VERSION = 4.0;
				TARGETED_DEVICE_FAMILY = "1,2";
			};
			name = Release;
		};
/* End XCBuildConfiguration section */

/* Begin XCConfigurationList section */
		811A03982139909C00A2A889 /* Build configuration list for PBXProject "Friends" */ = {
			isa = XCConfigurationList;
			buildConfigurations = (
				811A03AD2139909D00A2A889 /* Debug */,
				811A03AE2139909D00A2A889 /* Release */,
			);
			defaultConfigurationIsVisible = 0;
			defaultConfigurationName = Release;
		};
		811A03AF2139909D00A2A889 /* Build configuration list for PBXNativeTarget "Friends" */ = {
			isa = XCConfigurationList;
			buildConfigurations = (
				811A03B02139909D00A2A889 /* Debug */,
				811A03B12139909D00A2A889 /* Release */,
			);
			defaultConfigurationIsVisible = 0;
			defaultConfigurationName = Release;
		};
/* End XCConfigurationList section */
	};
	rootObject = 811A03952139909C00A2A889 /* Project object */;
}
